PODS:
  - GCDWebServer (3.5.4):
    - GCDWebServer/Core (= 3.5.4)
  - GCDWebServer/Core (3.5.4)
  - Kanna (5.2.7)
  - MobileVLCKit (3.3.17)
  - PopcornTorrent (1.3.15):
    - GCDWebServer (~> 3.5.0)

DEPENDENCIES:
  - Kanna (from `https://github.com/tid-kijyun/Kanna`)
  - MobileVLCKit
  - PopcornTorrent

SPEC REPOS:
  https://github.com/CocoaPods/Specs:
    - GCDWebServer
    - MobileVLCKit
  https://github.com/PopcornTimeTV/Specs:
    - PopcornTorrent

EXTERNAL SOURCES:
  Kanna:
    :git: https://github.com/tid-kijyun/Kanna

CHECKOUT OPTIONS:
  Kanna:
    :commit: bf19cf5f5fff3924cc2b63dd32732bce28b4c748
    :git: https://github.com/tid-kijyun/Kanna

SPEC CHECKSUMS:
  GCDWebServer: 2c156a56c8226e2d5c0c3f208a3621ccffbe3ce4
  Kanna: 01cfbddc127f5ff0963692f285fcbc8a9d62d234
  MobileVLCKit: c5dd1b0ae933dc9c2348099840e753496dcdd908
  PopcornTorrent: 343ff0e04ba370764a9cf27c35685463f7428b90

PODFILE CHECKSUM: 1dbfce40a7d83a5f130b477ba9e085c90931dc2a

COCOAPODS: 1.11.3
